{
    "name": "@brainbank/memory",
    "version": "0.2.0",
    "lockfileVersion": 3,
    "requires": true,
    "packages": {
        "": {
            "name": "@brainbank/memory",
            "version": "0.2.0",
            "license": "MIT",
            "peerDependencies": {
                "brainbank": ">=0.1.0"
            },
            "peerDependenciesMeta": {
                "brainbank": {
                    "optional": true
                }
            }
        }
    }
}
